
Microsoft Visual Studio Solution File, Format Version 12.00
# Visual Studio Version 17
VisualStudioVersion = 17.3.32929.385
MinimumVisualStudioVersion = 10.0.40219.1
Project("{FAE04EC0-301F-11D3-BF4B-00C04F79EFBC}") = "Chapter-09", "Chapter-09.csproj", "{A675D0FF-0CE9-4E2F-A110-A892590F0710}"
EndProject
Global
	GlobalSection(SolutionConfigurationPlatforms) = preSolution
		Debug|Any CPU = Debug|Any CPU
		Release|Any CPU = Release|Any CPU
	EndGlobalSection
	GlobalSection(ProjectConfigurationPlatforms) = postSolution
		{A675D0FF-0CE9-4E2F-A110-A892590F0710}.Debug|Any CPU.ActiveCfg = Debug|Any CPU
		{A675D0FF-0CE9-4E2F-A110-A892590F0710}.Debug|Any CPU.Build.0 = Debug|Any CPU
		{A675D0FF-0CE9-4E2F-A110-A892590F0710}.Release|Any CPU.ActiveCfg = Release|Any CPU
		{A675D0FF-0CE9-4E2F-A110-A892590F0710}.Release|Any CPU.Build.0 = Release|Any CPU
	EndGlobalSection
	GlobalSection(SolutionProperties) = preSolution
		HideSolutionNode = FALSE
	EndGlobalSection
	GlobalSection(ExtensibilityGlobals) = postSolution
		SolutionGuid = {983AB5C8-DAA2-4C3C-B4D2-732523D76F4C}
	EndGlobalSection
EndGlobal
