
Microsoft Visual Studio Solution File, Format Version 12.00
# Visual Studio Version 17
VisualStudioVersion = 17.3.32929.385
MinimumVisualStudioVersion = 10.0.40219.1
Project("{FAE04EC0-301F-11D3-BF4B-00C04F79EFBC}") = "evenOdd", "evenOdd.csproj", "{602B1429-73D9-4F08-9705-8133E2B93A40}"
EndProject
Global
	GlobalSection(SolutionConfigurationPlatforms) = preSolution
		Debug|Any CPU = Debug|Any CPU
		Release|Any CPU = Release|Any CPU
	EndGlobalSection
	GlobalSection(ProjectConfigurationPlatforms) = postSolution
		{602B1429-73D9-4F08-9705-8133E2B93A40}.Debug|Any CPU.ActiveCfg = Debug|Any CPU
		{602B1429-73D9-4F08-9705-8133E2B93A40}.Debug|Any CPU.Build.0 = Debug|Any CPU
		{602B1429-73D9-4F08-9705-8133E2B93A40}.Release|Any CPU.ActiveCfg = Release|Any CPU
		{602B1429-73D9-4F08-9705-8133E2B93A40}.Release|Any CPU.Build.0 = Release|Any CPU
	EndGlobalSection
	GlobalSection(SolutionProperties) = preSolution
		HideSolutionNode = FALSE
	EndGlobalSection
	GlobalSection(ExtensibilityGlobals) = postSolution
		SolutionGuid = {877CDC6D-AB8A-47A1-A6D7-859B3AAC98BD}
	EndGlobalSection
EndGlobal
